
Microsoft Visual Studio Solution File, Format Version 12.00
# Visual Studio Version 17
VisualStudioVersion = 17.4.33213.308
MinimumVisualStudioVersion = 10.0.40219.1
Project("{FAE04EC0-301F-11D3-BF4B-00C04F79EFBC}") = "JokeApp", "JokeApp\JokeApp.csproj", "{05B08F52-3073-4F01-852C-74BB05C34175}"
EndProject
Global
	GlobalSection(SolutionConfigurationPlatforms) = preSolution
		Debug|Any CPU = Debug|Any CPU
		Release|Any CPU = Release|Any CPU
	EndGlobalSection
	GlobalSection(ProjectConfigurationPlatforms) = postSolution
		{05B08F52-3073-4F01-852C-74BB05C34175}.Debug|Any CPU.ActiveCfg = Debug|Any CPU
		{05B08F52-3073-4F01-852C-74BB05C34175}.Debug|Any CPU.Build.0 = Debug|Any CPU
		{05B08F52-3073-4F01-852C-74BB05C34175}.Release|Any CPU.ActiveCfg = Release|Any CPU
		{05B08F52-3073-4F01-852C-74BB05C34175}.Release|Any CPU.Build.0 = Release|Any CPU
	EndGlobalSection
	GlobalSection(SolutionProperties) = preSolution
		HideSolutionNode = FALSE
	EndGlobalSection
	GlobalSection(ExtensibilityGlobals) = postSolution
		SolutionGuid = {8B5DF275-DB90-4A97-885B-6FB8CCAD5EC3}
	EndGlobalSection
EndGlobal
